{
  "name": "xxyy-cocos",
  "version": "3.6.2",
  "lockfileVersion": 3,
  "requires": true,
  "packages": {
    "": {
      "name": "xxyy-cocos",
      "version": "3.6.2",
      "dependencies": {
        "@xxyy/app": "0.0.62",
        "@xxyy/core": "0.0.37"
      }
    },
    "node_modules/@xxyy/app": {
      "version": "0.0.62",
      "resolved": "http://192.168.1.120:8081/repository/npm-group/@xxyy/app/-/app-0.0.62.tgz",
      "integrity": "sha512-oSEvDtjVgq3JesXWJ4gbFbccoZOhyQ3jlcdwUXdOlkgy6q7Bt0wFjD/NqK/5I0JI53pQagmy28dJCvY6F4pdrA==",
      "dependencies": {
        "@xxyy/core": "^0.0.40"
      }
    },
    "node_modules/@xxyy/app/node_modules/@xxyy/core": {
      "version": "0.0.40",
      "resolved": "http://192.168.1.120:8081/repository/npm-group/@xxyy/core/-/core-0.0.40.tgz",
      "integrity": "sha512-DD2eyH/PxqSoLSWbVlxJ7g3xEOgTpgta7ojLHvJINC/z5BqsNvsAFFkDaQ8LgOOSbTkVeMO+zWKuKVB4E+zBwA=="
    },
    "node_modules/@xxyy/core": {
      "version": "0.0.37",
      "resolved": "http://192.168.1.120:8081/repository/npm-group/@xxyy/core/-/core-0.0.37.tgz",
      "integrity": "sha512-0lKmiJrlIcZm/xT20sVwSZBQ9XFA9g/VwjqpxFvGbtKD9fGyPyKv6BW62Kd5ThmmkZ+5bBt5POpVlvk1Vqot0g=="
    }
  }
}
